// !$*UTF8*$!
{
	archiveVersion = 1;
	classes = {
	};
	objectVersion = 56;
	objects = {

/* Begin PBXBuildFile section */
		8BFC836B2C8B09E80073796F /* AppDelegate.swift in Sources */ = {isa = PBXBuildFile; fileRef = 8BFC836A2C8B09E80073796F /* AppDelegate.swift */; };
		8BFC836D2C8B09E80073796F /* SceneDelegate.swift in Sources */ = {isa = PBXBuildFile; fileRef = 8BFC836C2C8B09E80073796F /* SceneDelegate.swift */; };
		8BFC836F2C8B09E80073796F /* MainViewController.swift in Sources */ = {isa = PBXBuildFile; fileRef = 8BFC836E2C8B09E80073796F /* MainViewController.swift */; };
		8BFC83742C8B09E90073796F /* Assets.xcassets in Resources */ = {isa = PBXBuildFile; fileRef = 8BFC83732C8B09E90073796F /* Assets.xcassets */; };
		8BFC83772C8B09E90073796F /* Base in Resources */ = {isa = PBXBuildFile; fileRef = 8BFC83762C8B09E90073796F /* Base */; };
		8BFC837F2C8B105A0073796F /* Projects.swift in Sources */ = {isa = PBXBuildFile; fileRef = 8BFC837E2C8B105A0073796F /* Projects.swift */; };
		8BFC83812C8B12250073796F /* MainCell.swift in Sources */ = {isa = PBXBuildFile; fileRef = 8BFC83802C8B12250073796F /* MainCell.swift */; };
		8BFC83832C8B17110073796F /* Colors.xcassets in Resources */ = {isa = PBXBuildFile; fileRef = 8BFC83822C8B17110073796F /* Colors.xcassets */; };
		8BFC83862C8B1A4F0073796F /* CalculatorViewController.swift in Sources */ = {isa = PBXBuildFile; fileRef = 8BFC83852C8B1A4F0073796F /* CalculatorViewController.swift */; };
		8BFC83882C8B27E20073796F /* CalculatorKeypadList.swift in Sources */ = {isa = PBXBuildFile; fileRef = 8BFC83872C8B27E20073796F /* CalculatorKeypadList.swift */; };
		8BFC838A2C8B2B1E0073796F /* CalculatorKeypad.swift in Sources */ = {isa = PBXBuildFile; fileRef = 8BFC83892C8B2B1E0073796F /* CalculatorKeypad.swift */; };
/* End PBXBuildFile section */

/* Begin PBXFileReference section */
		8BFC83672C8B09E80073796F /* UIKitProject.app */ = {isa = PBXFileReference; explicitFileType = wrapper.application; includeInIndex = 0; path = UIKitProject.app; sourceTree = BUILT_PRODUCTS_DIR; };
		8BFC836A2C8B09E80073796F /* AppDelegate.swift */ = {isa = PBXFileReference; lastKnownFileType = sourcecode.swift; path = AppDelegate.swift; sourceTree = "<group>"; };
		8BFC836C2C8B09E80073796F /* SceneDelegate.swift */ = {isa = PBXFileReference; lastKnownFileType = sourcecode.swift; path = SceneDelegate.swift; sourceTree = "<group>"; };
		8BFC836E2C8B09E80073796F /* MainViewController.swift */ = {isa = PBXFileReference; lastKnownFileType = sourcecode.swift; path = MainViewController.swift; sourceTree = "<group>"; };
		8BFC83732C8B09E90073796F /* Assets.xcassets */ = {isa = PBXFileReference; lastKnownFileType = folder.assetcatalog; path = Assets.xcassets; sourceTree = "<group>"; };
		8BFC83762C8B09E90073796F /* Base */ = {isa = PBXFileReference; lastKnownFileType = file.storyboard; name = Base; path = Base.lproj/LaunchScreen.storyboard; sourceTree = "<group>"; };
		8BFC83782C8B09E90073796F /* Info.plist */ = {isa = PBXFileReference; lastKnownFileType = text.plist.xml; path = Info.plist; sourceTree = "<group>"; };
		8BFC837E2C8B105A0073796F /* Projects.swift */ = {isa = PBXFileReference; lastKnownFileType = sourcecode.swift; path = Projects.swift; sourceTree = "<group>"; };
		8BFC83802C8B12250073796F /* MainCell.swift */ = {isa = PBXFileReference; lastKnownFileType = sourcecode.swift; path = MainCell.swift; sourceTree = "<group>"; };
		8BFC83822C8B17110073796F /* Colors.xcassets */ = {isa = PBXFileReference; lastKnownFileType = folder.assetcatalog; path = Colors.xcassets; sourceTree = "<group>"; };
		8BFC83852C8B1A4F0073796F /* CalculatorViewController.swift */ = {isa = PBXFileReference; lastKnownFileType = sourcecode.swift; path = CalculatorViewController.swift; sourceTree = "<group>"; };
		8BFC83872C8B27E20073796F /* CalculatorKeypadList.swift */ = {isa = PBXFileReference; lastKnownFileType = sourcecode.swift; path = CalculatorKeypadList.swift; sourceTree = "<group>"; };
		8BFC83892C8B2B1E0073796F /* CalculatorKeypad.swift */ = {isa = PBXFileReference; lastKnownFileType = sourcecode.swift; path = CalculatorKeypad.swift; sourceTree = "<group>"; };
/* End PBXFileReference section */

/* Begin PBXFrameworksBuildPhase section */
		8BFC83642C8B09E80073796F /* Frameworks */ = {
			isa = PBXFrameworksBuildPhase;
			buildActionMask = 2147483647;
			files = (
			);
			runOnlyForDeploymentPostprocessing = 0;
		};
/* End PBXFrameworksBuildPhase section */

/* Begin PBXGroup section */
		8BFC835E2C8B09E80073796F = {
			isa = PBXGroup;
			children = (
				8BFC83692C8B09E80073796F /* UIKitProject */,
				8BFC83682C8B09E80073796F /* Products */,
			);
			sourceTree = "<group>";
		};
		8BFC83682C8B09E80073796F /* Products */ = {
			isa = PBXGroup;
			children = (
				8BFC83672C8B09E80073796F /* UIKitProject.app */,
			);
			name = Products;
			sourceTree = "<group>";
		};
		8BFC83692C8B09E80073796F /* UIKitProject */ = {
			isa = PBXGroup;
			children = (
				8BFC836A2C8B09E80073796F /* AppDelegate.swift */,
				8BFC836C2C8B09E80073796F /* SceneDelegate.swift */,
				8BFC836E2C8B09E80073796F /* MainViewController.swift */,
				8BFC83802C8B12250073796F /* MainCell.swift */,
				8BFC837E2C8B105A0073796F /* Projects.swift */,
				8BFC83842C8B1A3B0073796F /* Calculator */,
				8BFC83732C8B09E90073796F /* Assets.xcassets */,
				8BFC83822C8B17110073796F /* Colors.xcassets */,
				8BFC83752C8B09E90073796F /* LaunchScreen.storyboard */,
				8BFC83782C8B09E90073796F /* Info.plist */,
			);
			path = UIKitProject;
			sourceTree = "<group>";
		};
		8BFC83842C8B1A3B0073796F /* Calculator */ = {
			isa = PBXGroup;
			children = (
				8BFC83852C8B1A4F0073796F /* CalculatorViewController.swift */,
				8BFC83872C8B27E20073796F /* CalculatorKeypadList.swift */,
				8BFC83892C8B2B1E0073796F /* CalculatorKeypad.swift */,
			);
			path = Calculator;
			sourceTree = "<group>";
		};
/* End PBXGroup section */

/* Begin PBXNativeTarget section */
		8BFC83662C8B09E80073796F /* UIKitProject */ = {
			isa = PBXNativeTarget;
			buildConfigurationList = 8BFC837B2C8B09E90073796F /* Build configuration list for PBXNativeTarget "UIKitProject" */;
			buildPhases = (
				8BFC83632C8B09E80073796F /* Sources */,
				8BFC83642C8B09E80073796F /* Frameworks */,
				8BFC83652C8B09E80073796F /* Resources */,
			);
			buildRules = (
			);
			dependencies = (
			);
			name = UIKitProject;
			productName = UIKitProject;
			productReference = 8BFC83672C8B09E80073796F /* UIKitProject.app */;
			productType = "com.apple.product-type.application";
		};
/* End PBXNativeTarget section */

/* Begin PBXProject section */
		8BFC835F2C8B09E80073796F /* Project object */ = {
			isa = PBXProject;
			attributes = {
				BuildIndependentTargetsInParallel = 1;
				LastSwiftUpdateCheck = 1540;
				LastUpgradeCheck = 1540;
				TargetAttributes = {
					8BFC83662C8B09E80073796F = {
						CreatedOnToolsVersion = 15.4;
					};
				};
			};
			buildConfigurationList = 8BFC83622C8B09E80073796F /* Build configuration list for PBXProject "UIKitProject" */;
			compatibilityVersion = "Xcode 14.0";
			developmentRegion = en;
			hasScannedForEncodings = 0;
			knownRegions = (
				en,
				Base,
			);
			mainGroup = 8BFC835E2C8B09E80073796F;
			productRefGroup = 8BFC83682C8B09E80073796F /* Products */;
			projectDirPath = "";
			projectRoot = "";
			targets = (
				8BFC83662C8B09E80073796F /* UIKitProject */,
			);
		};
/* End PBXProject section */

/* Begin PBXResourcesBuildPhase section */
		8BFC83652C8B09E80073796F /* Resources */ = {
			isa = PBXResourcesBuildPhase;
			buildActionMask = 2147483647;
			files = (
				8BFC83832C8B17110073796F /* Colors.xcassets in Resources */,
				8BFC83742C8B09E90073796F /* Assets.xcassets in Resources */,
				8BFC83772C8B09E90073796F /* Base in Resources */,
			);
			runOnlyForDeploymentPostprocessing = 0;
		};
/* End PBXResourcesBuildPhase section */

/* Begin PBXSourcesBuildPhase section */
		8BFC83632C8B09E80073796F /* Sources */ = {
			isa = PBXSourcesBuildPhase;
			buildActionMask = 2147483647;
			files = (
				8BFC836F2C8B09E80073796F /* MainViewController.swift in Sources */,
				8BFC838A2C8B2B1E0073796F /* CalculatorKeypad.swift in Sources */,
				8BFC836B2C8B09E80073796F /* AppDelegate.swift in Sources */,
				8BFC836D2C8B09E80073796F /* SceneDelegate.swift in Sources */,
				8BFC83882C8B27E20073796F /* CalculatorKeypadList.swift in Sources */,
				8BFC837F2C8B105A0073796F /* Projects.swift in Sources */,
				8BFC83862C8B1A4F0073796F /* CalculatorViewController.swift in Sources */,
				8BFC83812C8B12250073796F /* MainCell.swift in Sources */,
			);
			runOnlyForDeploymentPostprocessing = 0;
		};
/* End PBXSourcesBuildPhase section */

/* Begin PBXVariantGroup section */
		8BFC83752C8B09E90073796F /* LaunchScreen.storyboard */ = {
			isa = PBXVariantGroup;
			children = (
				8BFC83762C8B09E90073796F /* Base */,
			);
			name = LaunchScreen.storyboard;
			sourceTree = "<group>";
		};
/* End PBXVariantGroup section */

/* Begin XCBuildConfiguration section */
		8BFC83792C8B09E90073796F /* Debug */ = {
			isa = XCBuildConfiguration;
			buildSettings = {
				ALWAYS_SEARCH_USER_PATHS = NO;
				ASSETCATALOG_COMPILER_GENERATE_SWIFT_ASSET_SYMBOL_EXTENSIONS = YES;
				CLANG_ANALYZER_NONNULL = YES;
				CLANG_ANALYZER_NUMBER_OBJECT_CONVERSION = YES_AGGRESSIVE;
				CLANG_CXX_LANGUAGE_STANDARD = "gnu++20";
				CLANG_ENABLE_MODULES = YES;
				CLANG_ENABLE_OBJC_ARC = YES;
				CLANG_ENABLE_OBJC_WEAK = YES;
				CLANG_WARN_BLOCK_CAPTURE_AUTORELEASING = YES;
				CLANG_WARN_BOOL_CONVERSION = YES;
				CLANG_WARN_COMMA = YES;
				CLANG_WARN_CONSTANT_CONVERSION = YES;
				CLANG_WARN_DEPRECATED_OBJC_IMPLEMENTATIONS = YES;
				CLANG_WARN_DIRECT_OBJC_ISA_USAGE = YES_ERROR;
				CLANG_WARN_DOCUMENTATION_COMMENTS = YES;
				CLANG_WARN_EMPTY_BODY = YES;
				CLANG_WARN_ENUM_CONVERSION = YES;
				CLANG_WARN_INFINITE_RECURSION = YES;
				CLANG_WARN_INT_CONVERSION = YES;
				CLANG_WARN_NON_LITERAL_NULL_CONVERSION = YES;
				CLANG_WARN_OBJC_IMPLICIT_RETAIN_SELF = YES;
				CLANG_WARN_OBJC_LITERAL_CONVERSION = YES;
				CLANG_WARN_OBJC_ROOT_CLASS = YES_ERROR;
				CLANG_WARN_QUOTED_INCLUDE_IN_FRAMEWORK_HEADER = YES;
				CLANG_WARN_RANGE_LOOP_ANALYSIS = YES;
				CLANG_WARN_STRICT_PROTOTYPES = YES;
				CLANG_WARN_SUSPICIOUS_MOVE = YES;
				CLANG_WARN_UNGUARDED_AVAILABILITY = YES_AGGRESSIVE;
				CLANG_WARN_UNREACHABLE_CODE = YES;
				CLANG_WARN__DUPLICATE_METHOD_MATCH = YES;
				COPY_PHASE_STRIP = NO;
				DEBUG_INFORMATION_FORMAT = dwarf;
				ENABLE_STRICT_OBJC_MSGSEND = YES;
				ENABLE_TESTABILITY = YES;
				ENABLE_USER_SCRIPT_SANDBOXING = YES;
				GCC_C_LANGUAGE_STANDARD = gnu17;
				GCC_DYNAMIC_NO_PIC = NO;
				GCC_NO_COMMON_BLOCKS = YES;
				GCC_OPTIMIZATION_LEVEL = 0;
				GCC_PREPROCESSOR_DEFINITIONS = (
					"DEBUG=1",
					"$(inherited)",
				);
				GCC_WARN_64_TO_32_BIT_CONVERSION = YES;
				GCC_WARN_ABOUT_RETURN_TYPE = YES_ERROR;
				GCC_WARN_UNDECLARED_SELECTOR = YES;
				GCC_WARN_UNINITIALIZED_AUTOS = YES_AGGRESSIVE;
				GCC_WARN_UNUSED_FUNCTION = YES;
				GCC_WARN_UNUSED_VARIABLE = YES;
				IPHONEOS_DEPLOYMENT_TARGET = 17.5;
				LOCALIZATION_PREFERS_STRING_CATALOGS = YES;
				MTL_ENABLE_DEBUG_INFO = INCLUDE_SOURCE;
				MTL_FAST_MATH = YES;
				ONLY_ACTIVE_ARCH = YES;
				SDKROOT = iphoneos;
				SWIFT_ACTIVE_COMPILATION_CONDITIONS = "DEBUG $(inherited)";
				SWIFT_OPTIMIZATION_LEVEL = "-Onone";
			};
			name = Debug;
		};
		8BFC837A2C8B09E90073796F /* Release */ = {
			isa = XCBuildConfiguration;
			buildSettings = {
				ALWAYS_SEARCH_USER_PATHS = NO;
				ASSETCATALOG_COMPILER_GENERATE_SWIFT_ASSET_SYMBOL_EXTENSIONS = YES;
				CLANG_ANALYZER_NONNULL = YES;
				CLANG_ANALYZER_NUMBER_OBJECT_CONVERSION = YES_AGGRESSIVE;
				CLANG_CXX_LANGUAGE_STANDARD = "gnu++20";
				CLANG_ENABLE_MODULES = YES;
				CLANG_ENABLE_OBJC_ARC = YES;
				CLANG_ENABLE_OBJC_WEAK = YES;
				CLANG_WARN_BLOCK_CAPTURE_AUTORELEASING = YES;
				CLANG_WARN_BOOL_CONVERSION = YES;
				CLANG_WARN_COMMA = YES;
				CLANG_WARN_CONSTANT_CONVERSION = YES;
				CLANG_WARN_DEPRECATED_OBJC_IMPLEMENTATIONS = YES;
				CLANG_WARN_DIRECT_OBJC_ISA_USAGE = YES_ERROR;
				CLANG_WARN_DOCUMENTATION_COMMENTS = YES;
				CLANG_WARN_EMPTY_BODY = YES;
				CLANG_WARN_ENUM_CONVERSION = YES;
				CLANG_WARN_INFINITE_RECURSION = YES;
				CLANG_WARN_INT_CONVERSION = YES;
				CLANG_WARN_NON_LITERAL_NULL_CONVERSION = YES;
				CLANG_WARN_OBJC_IMPLICIT_RETAIN_SELF = YES;
				CLANG_WARN_OBJC_LITERAL_CONVERSION = YES;
				CLANG_WARN_OBJC_ROOT_CLASS = YES_ERROR;
				CLANG_WARN_QUOTED_INCLUDE_IN_FRAMEWORK_HEADER = YES;
				CLANG_WARN_RANGE_LOOP_ANALYSIS = YES;
				CLANG_WARN_STRICT_PROTOTYPES = YES;
				CLANG_WARN_SUSPICIOUS_MOVE = YES;
				CLANG_WARN_UNGUARDED_AVAILABILITY = YES_AGGRESSIVE;
				CLANG_WARN_UNREACHABLE_CODE = YES;
				CLANG_WARN__DUPLICATE_METHOD_MATCH = YES;
				COPY_PHASE_STRIP = NO;
				DEBUG_INFORMATION_FORMAT = "dwarf-with-dsym";
				ENABLE_NS_ASSERTIONS = NO;
				ENABLE_STRICT_OBJC_MSGSEND = YES;
				ENABLE_USER_SCRIPT_SANDBOXING = YES;
				GCC_C_LANGUAGE_STANDARD = gnu17;
				GCC_NO_COMMON_BLOCKS = YES;
				GCC_WARN_64_TO_32_BIT_CONVERSION = YES;
				GCC_WARN_ABOUT_RETURN_TYPE = YES_ERROR;
				GCC_WARN_UNDECLARED_SELECTOR = YES;
				GCC_WARN_UNINITIALIZED_AUTOS = YES_AGGRESSIVE;
				GCC_WARN_UNUSED_FUNCTION = YES;
				GCC_WARN_UNUSED_VARIABLE = YES;
				IPHONEOS_DEPLOYMENT_TARGET = 17.5;
				LOCALIZATION_PREFERS_STRING_CATALOGS = YES;
				MTL_ENABLE_DEBUG_INFO = NO;
				MTL_FAST_MATH = YES;
				SDKROOT = iphoneos;
				SWIFT_COMPILATION_MODE = wholemodule;
				VALIDATE_PRODUCT = YES;
			};
			name = Release;
		};
		8BFC837C2C8B09E90073796F /* Debug */ = {
			isa = XCBuildConfiguration;
			buildSettings = {
				ASSETCATALOG_COMPILER_APPICON_NAME = AppIcon;
				ASSETCATALOG_COMPILER_GLOBAL_ACCENT_COLOR_NAME = AccentColor;
				CODE_SIGN_STYLE = Automatic;
				CURRENT_PROJECT_VERSION = 1;
				DEVELOPMENT_TEAM = R5N7WM9GUQ;
				GENERATE_INFOPLIST_FILE = YES;
				INFOPLIST_FILE = UIKitProject/Info.plist;
				INFOPLIST_KEY_UIApplicationSupportsIndirectInputEvents = YES;
				INFOPLIST_KEY_UILaunchStoryboardName = LaunchScreen;
				INFOPLIST_KEY_UISupportedInterfaceOrientations_iPad = "UIInterfaceOrientationPortrait UIInterfaceOrientationPortraitUpsideDown UIInterfaceOrientationLandscapeLeft UIInterfaceOrientationLandscapeRight";
				INFOPLIST_KEY_UISupportedInterfaceOrientations_iPhone = "UIInterfaceOrientationPortrait UIInterfaceOrientationLandscapeLeft UIInterfaceOrientationLandscapeRight";
				IPHONEOS_DEPLOYMENT_TARGET = 15.0;
				LD_RUNPATH_SEARCH_PATHS = (
					"$(inherited)",
					"@executable_path/Frameworks",
				);
				MARKETING_VERSION = 1.0;
				PRODUCT_BUNDLE_IDENTIFIER = com.jp.UIKitProject;
				PRODUCT_NAME = "$(TARGET_NAME)";
				SWIFT_EMIT_LOC_STRINGS = YES;
				SWIFT_VERSION = 5.0;
				TARGETED_DEVICE_FAMILY = "1,2";
			};
			name = Debug;
		};
		8BFC837D2C8B09E90073796F /* Release */ = {
			isa = XCBuildConfiguration;
			buildSettings = {
				ASSETCATALOG_COMPILER_APPICON_NAME = AppIcon;
				ASSETCATALOG_COMPILER_GLOBAL_ACCENT_COLOR_NAME = AccentColor;
				CODE_SIGN_STYLE = Automatic;
				CURRENT_PROJECT_VERSION = 1;
				DEVELOPMENT_TEAM = R5N7WM9GUQ;
				GENERATE_INFOPLIST_FILE = YES;
				INFOPLIST_FILE = UIKitProject/Info.plist;
				INFOPLIST_KEY_UIApplicationSupportsIndirectInputEvents = YES;
				INFOPLIST_KEY_UILaunchStoryboardName = LaunchScreen;
				INFOPLIST_KEY_UISupportedInterfaceOrientations_iPad = "UIInterfaceOrientationPortrait UIInterfaceOrientationPortraitUpsideDown UIInterfaceOrientationLandscapeLeft UIInterfaceOrientationLandscapeRight";
				INFOPLIST_KEY_UISupportedInterfaceOrientations_iPhone = "UIInterfaceOrientationPortrait UIInterfaceOrientationLandscapeLeft UIInterfaceOrientationLandscapeRight";
				IPHONEOS_DEPLOYMENT_TARGET = 15.0;
				LD_RUNPATH_SEARCH_PATHS = (
					"$(inherited)",
					"@executable_path/Frameworks",
				);
				MARKETING_VERSION = 1.0;
				PRODUCT_BUNDLE_IDENTIFIER = com.jp.UIKitProject;
				PRODUCT_NAME = "$(TARGET_NAME)";
				SWIFT_EMIT_LOC_STRINGS = YES;
				SWIFT_VERSION = 5.0;
				TARGETED_DEVICE_FAMILY = "1,2";
			};
			name = Release;
		};
/* End XCBuildConfiguration section */

/* Begin XCConfigurationList section */
		8BFC83622C8B09E80073796F /* Build configuration list for PBXProject "UIKitProject" */ = {
			isa = XCConfigurationList;
			buildConfigurations = (
				8BFC83792C8B09E90073796F /* Debug */,
				8BFC837A2C8B09E90073796F /* Release */,
			);
			defaultConfigurationIsVisible = 0;
			defaultConfigurationName = Release;
		};
		8BFC837B2C8B09E90073796F /* Build configuration list for PBXNativeTarget "UIKitProject" */ = {
			isa = XCConfigurationList;
			buildConfigurations = (
				8BFC837C2C8B09E90073796F /* Debug */,
				8BFC837D2C8B09E90073796F /* Release */,
			);
			defaultConfigurationIsVisible = 0;
			defaultConfigurationName = Release;
		};
/* End XCConfigurationList section */
	};
	rootObject = 8BFC835F2C8B09E80073796F /* Project object */;
}
